
Microsoft Visual Studio Solution File, Format Version 12.00
# Visual Studio Version 16
VisualStudioVersion = 16.0.30104.148
MinimumVisualStudioVersion = 10.0.40219.1
Project("{9A19103F-16F7-4668-BE54-9A1E7A4F7556}") = "SAML_App", "SAML_App\SAML_App.csproj", "{E77AFF7B-577A-4DA3-97B4-C3DEEC630B22}"
EndProject
Project("{FAE04EC0-301F-11D3-BF4B-00C04F79EFBC}") = "SecurityProxy", "SecurityProxy\SecurityProxy.csproj", "{C16AB62E-32A6-4F4B-AC9F-E41B3D2B3AEE}"
EndProject
Global
	GlobalSection(SolutionConfigurationPlatforms) = preSolution
		Debug|Any CPU = Debug|Any CPU
		Release|Any CPU = Release|Any CPU
	EndGlobalSection
	GlobalSection(ProjectConfigurationPlatforms) = postSolution
		{E77AFF7B-577A-4DA3-97B4-C3DEEC630B22}.Debug|Any CPU.ActiveCfg = Debug|Any CPU
		{E77AFF7B-577A-4DA3-97B4-C3DEEC630B22}.Debug|Any CPU.Build.0 = Debug|Any CPU
		{E77AFF7B-577A-4DA3-97B4-C3DEEC630B22}.Release|Any CPU.ActiveCfg = Release|Any CPU
		{E77AFF7B-577A-4DA3-97B4-C3DEEC630B22}.Release|Any CPU.Build.0 = Release|Any CPU
		{C16AB62E-32A6-4F4B-AC9F-E41B3D2B3AEE}.Debug|Any CPU.ActiveCfg = Debug|Any CPU
		{C16AB62E-32A6-4F4B-AC9F-E41B3D2B3AEE}.Debug|Any CPU.Build.0 = Debug|Any CPU
		{C16AB62E-32A6-4F4B-AC9F-E41B3D2B3AEE}.Release|Any CPU.ActiveCfg = Release|Any CPU
		{C16AB62E-32A6-4F4B-AC9F-E41B3D2B3AEE}.Release|Any CPU.Build.0 = Release|Any CPU
	EndGlobalSection
	GlobalSection(SolutionProperties) = preSolution
		HideSolutionNode = FALSE
	EndGlobalSection
	GlobalSection(ExtensibilityGlobals) = postSolution
		SolutionGuid = {E1ED506A-1185-430D-8604-7664A161527F}
	EndGlobalSection
EndGlobal
